
Microsoft Visual Studio Solution File, Format Version 12.00
# Visual Studio Version 17
VisualStudioVersion = 17.8.34330.188
MinimumVisualStudioVersion = 10.0.40219.1
Project("{FAE04EC0-301F-11D3-BF4B-00C04F79EFBC}") = "ConAppEfDbFirst", "ConAppEfDbFirst\ConAppEfDbFirst.csproj", "{306D92F0-8CEB-48DA-87D0-DBC5AF51959B}"
EndProject
Global
	GlobalSection(SolutionConfigurationPlatforms) = preSolution
		Debug|Any CPU = Debug|Any CPU
		Release|Any CPU = Release|Any CPU
	EndGlobalSection
	GlobalSection(ProjectConfigurationPlatforms) = postSolution
		{306D92F0-8CEB-48DA-87D0-DBC5AF51959B}.Debug|Any CPU.ActiveCfg = Debug|Any CPU
		{306D92F0-8CEB-48DA-87D0-DBC5AF51959B}.Debug|Any CPU.Build.0 = Debug|Any CPU
		{306D92F0-8CEB-48DA-87D0-DBC5AF51959B}.Release|Any CPU.ActiveCfg = Release|Any CPU
		{306D92F0-8CEB-48DA-87D0-DBC5AF51959B}.Release|Any CPU.Build.0 = Release|Any CPU
	EndGlobalSection
	GlobalSection(SolutionProperties) = preSolution
		HideSolutionNode = FALSE
	EndGlobalSection
	GlobalSection(ExtensibilityGlobals) = postSolution
		SolutionGuid = {90D69314-18A0-4582-A914-626AF8038464}
	EndGlobalSection
EndGlobal
