
Microsoft Visual Studio Solution File, Format Version 12.00
# Visual Studio Version 17
VisualStudioVersion = 17.8.34330.188
MinimumVisualStudioVersion = 10.0.40219.1
Project("{FAE04EC0-301F-11D3-BF4B-00C04F79EFBC}") = "ConAppMulticast", "ConAppMulticast\ConAppMulticast.csproj", "{3A2D4CD1-FB50-4FFA-A0C4-46482FE52514}"
EndProject
Global
	GlobalSection(SolutionConfigurationPlatforms) = preSolution
		Debug|Any CPU = Debug|Any CPU
		Release|Any CPU = Release|Any CPU
	EndGlobalSection
	GlobalSection(ProjectConfigurationPlatforms) = postSolution
		{3A2D4CD1-FB50-4FFA-A0C4-46482FE52514}.Debug|Any CPU.ActiveCfg = Debug|Any CPU
		{3A2D4CD1-FB50-4FFA-A0C4-46482FE52514}.Debug|Any CPU.Build.0 = Debug|Any CPU
		{3A2D4CD1-FB50-4FFA-A0C4-46482FE52514}.Release|Any CPU.ActiveCfg = Release|Any CPU
		{3A2D4CD1-FB50-4FFA-A0C4-46482FE52514}.Release|Any CPU.Build.0 = Release|Any CPU
	EndGlobalSection
	GlobalSection(SolutionProperties) = preSolution
		HideSolutionNode = FALSE
	EndGlobalSection
	GlobalSection(ExtensibilityGlobals) = postSolution
		SolutionGuid = {B3B0894F-37D0-4791-8555-010D93DF0072}
	EndGlobalSection
EndGlobal
