
Microsoft Visual Studio Solution File, Format Version 12.00
# Visual Studio Version 17
VisualStudioVersion = 17.8.34330.188
MinimumVisualStudioVersion = 10.0.40219.1
Project("{FAE04EC0-301F-11D3-BF4B-00C04F79EFBC}") = "ConAppGenCollection", "ConAppGenCollection\ConAppGenCollection.csproj", "{81BD7178-BCED-4831-BDAE-AF2B779F6914}"
EndProject
Global
	GlobalSection(SolutionConfigurationPlatforms) = preSolution
		Debug|Any CPU = Debug|Any CPU
		Release|Any CPU = Release|Any CPU
	EndGlobalSection
	GlobalSection(ProjectConfigurationPlatforms) = postSolution
		{81BD7178-BCED-4831-BDAE-AF2B779F6914}.Debug|Any CPU.ActiveCfg = Debug|Any CPU
		{81BD7178-BCED-4831-BDAE-AF2B779F6914}.Debug|Any CPU.Build.0 = Debug|Any CPU
		{81BD7178-BCED-4831-BDAE-AF2B779F6914}.Release|Any CPU.ActiveCfg = Release|Any CPU
		{81BD7178-BCED-4831-BDAE-AF2B779F6914}.Release|Any CPU.Build.0 = Release|Any CPU
	EndGlobalSection
	GlobalSection(SolutionProperties) = preSolution
		HideSolutionNode = FALSE
	EndGlobalSection
	GlobalSection(ExtensibilityGlobals) = postSolution
		SolutionGuid = {8167979B-D933-45D7-A4B1-58C4EA96967E}
	EndGlobalSection
EndGlobal
